// !$*UTF8*$!
{
	archiveVersion = 1;
	classes = {
	};
	objectVersion = 46;
	objects = {

/* Begin PBXBuildFile section */
		5635359C1E3DAC6B006754CD /* UpdateCell.swift in Sources */ = {isa = PBXBuildFile; fileRef = 5635359B1E3DAC6B006754CD /* UpdateCell.swift */; };
		565806561DFD289E0003C27A /* AppDelegate.swift in Sources */ = {isa = PBXBuildFile; fileRef = 565806551DFD289E0003C27A /* AppDelegate.swift */; };
		565806581DFD289E0003C27A /* LoginViewController.swift in Sources */ = {isa = PBXBuildFile; fileRef = 565806571DFD289E0003C27A /* LoginViewController.swift */; };
		5658065B1DFD289E0003C27A /* Main.storyboard in Resources */ = {isa = PBXBuildFile; fileRef = 565806591DFD289E0003C27A /* Main.storyboard */; };
		5658065D1DFD289E0003C27A /* Assets.xcassets in Resources */ = {isa = PBXBuildFile; fileRef = 5658065C1DFD289E0003C27A /* Assets.xcassets */; };
		565806601DFD289E0003C27A /* LaunchScreen.storyboard in Resources */ = {isa = PBXBuildFile; fileRef = 5658065E1DFD289E0003C27A /* LaunchScreen.storyboard */; };
		565806681DFD2B360003C27A /* .gitignore in Resources */ = {isa = PBXBuildFile; fileRef = 565806671DFD2B360003C27A /* .gitignore */; };
		5658CBE31E00151E00EBA146 /* Profile.swift in Sources */ = {isa = PBXBuildFile; fileRef = 5658CBE21E00151E00EBA146 /* Profile.swift */; };
		566B48BB1E0017B400401F2E /* Identifier.swift in Sources */ = {isa = PBXBuildFile; fileRef = 566B48BA1E0017B400401F2E /* Identifier.swift */; };
		5686FA261E3E28EC0010C8A3 /* UpdatesTableView.swift in Sources */ = {isa = PBXBuildFile; fileRef = 5686FA251E3E28EC0010C8A3 /* UpdatesTableView.swift */; };
		5686FA2B1E3E34400010C8A3 /* stylesheet.css in Resources */ = {isa = PBXBuildFile; fileRef = 5686FA2A1E3E34400010C8A3 /* stylesheet.css */; };
		5694E6421E000D5F000BF3AD /* Update.swift in Sources */ = {isa = PBXBuildFile; fileRef = 5694E6411E000D5F000BF3AD /* Update.swift */; };
		569BFF151DFD762100B0C9B4 /* API.swift in Sources */ = {isa = PBXBuildFile; fileRef = 569BFF141DFD762100B0C9B4 /* API.swift */; };
		56F118A01E3D108300F4B82F /* UpdatesViewController.swift in Sources */ = {isa = PBXBuildFile; fileRef = 56F1189F1E3D108300F4B82F /* UpdatesViewController.swift */; };
		56F118A21E3D162C00F4B82F /* LoginAnimator.swift in Sources */ = {isa = PBXBuildFile; fileRef = 56F118A11E3D162C00F4B82F /* LoginAnimator.swift */; };
		8C8A0F35A460FE50B934D5E7 /* Pods_InfoPortal.framework in Frameworks */ = {isa = PBXBuildFile; fileRef = 9A89B61501BF64BC1A9EE343 /* Pods_InfoPortal.framework */; };
/* End PBXBuildFile section */

/* Begin PBXFileReference section */
		5635359B1E3DAC6B006754CD /* UpdateCell.swift */ = {isa = PBXFileReference; fileEncoding = 4; lastKnownFileType = sourcecode.swift; path = UpdateCell.swift; sourceTree = "<group>"; };
		565806521DFD289E0003C27A /* InfoPortal.app */ = {isa = PBXFileReference; explicitFileType = wrapper.application; includeInIndex = 0; path = InfoPortal.app; sourceTree = BUILT_PRODUCTS_DIR; };
		565806551DFD289E0003C27A /* AppDelegate.swift */ = {isa = PBXFileReference; lastKnownFileType = sourcecode.swift; path = AppDelegate.swift; sourceTree = "<group>"; };
		565806571DFD289E0003C27A /* LoginViewController.swift */ = {isa = PBXFileReference; lastKnownFileType = sourcecode.swift; path = LoginViewController.swift; sourceTree = "<group>"; };
		5658065A1DFD289E0003C27A /* Base */ = {isa = PBXFileReference; lastKnownFileType = file.storyboard; name = Base; path = Base.lproj/Main.storyboard; sourceTree = "<group>"; };
		5658065C1DFD289E0003C27A /* Assets.xcassets */ = {isa = PBXFileReference; lastKnownFileType = folder.assetcatalog; path = Assets.xcassets; sourceTree = "<group>"; };
		5658065F1DFD289E0003C27A /* Base */ = {isa = PBXFileReference; lastKnownFileType = file.storyboard; name = Base; path = Base.lproj/LaunchScreen.storyboard; sourceTree = "<group>"; };
		565806611DFD289E0003C27A /* Info.plist */ = {isa = PBXFileReference; lastKnownFileType = text.plist.xml; path = Info.plist; sourceTree = "<group>"; };
		565806671DFD2B360003C27A /* .gitignore */ = {isa = PBXFileReference; fileEncoding = 4; lastKnownFileType = text; path = .gitignore; sourceTree = "<group>"; };
		5658CBE21E00151E00EBA146 /* Profile.swift */ = {isa = PBXFileReference; fileEncoding = 4; lastKnownFileType = sourcecode.swift; path = Profile.swift; sourceTree = "<group>"; };
		566265C51E0009C9006AA661 /* InfoPortal.entitlements */ = {isa = PBXFileReference; lastKnownFileType = text.plist.entitlements; path = InfoPortal.entitlements; sourceTree = "<group>"; };
		566B48BA1E0017B400401F2E /* Identifier.swift */ = {isa = PBXFileReference; fileEncoding = 4; lastKnownFileType = sourcecode.swift; path = Identifier.swift; sourceTree = "<group>"; };
		5686FA251E3E28EC0010C8A3 /* UpdatesTableView.swift */ = {isa = PBXFileReference; fileEncoding = 4; lastKnownFileType = sourcecode.swift; path = UpdatesTableView.swift; sourceTree = "<group>"; };
		5686FA2A1E3E34400010C8A3 /* stylesheet.css */ = {isa = PBXFileReference; fileEncoding = 4; lastKnownFileType = text.css; path = stylesheet.css; sourceTree = "<group>"; };
		5694E6411E000D5F000BF3AD /* Update.swift */ = {isa = PBXFileReference; fileEncoding = 4; lastKnownFileType = sourcecode.swift; path = Update.swift; sourceTree = "<group>"; };
		569BFF141DFD762100B0C9B4 /* API.swift */ = {isa = PBXFileReference; fileEncoding = 4; lastKnownFileType = sourcecode.swift; path = API.swift; sourceTree = "<group>"; };
		56F1189F1E3D108300F4B82F /* UpdatesViewController.swift */ = {isa = PBXFileReference; fileEncoding = 4; lastKnownFileType = sourcecode.swift; path = UpdatesViewController.swift; sourceTree = "<group>"; };
		56F118A11E3D162C00F4B82F /* LoginAnimator.swift */ = {isa = PBXFileReference; fileEncoding = 4; lastKnownFileType = sourcecode.swift; path = LoginAnimator.swift; sourceTree = "<group>"; };
		9A89B61501BF64BC1A9EE343 /* Pods_InfoPortal.framework */ = {isa = PBXFileReference; explicitFileType = wrapper.framework; includeInIndex = 0; path = Pods_InfoPortal.framework; sourceTree = BUILT_PRODUCTS_DIR; };
		E7E4150DDC7AF9D252A1B712 /* Pods-InfoPortal.debug.xcconfig */ = {isa = PBXFileReference; includeInIndex = 1; lastKnownFileType = text.xcconfig; name = "Pods-InfoPortal.debug.xcconfig"; path = "Pods/Target Support Files/Pods-InfoPortal/Pods-InfoPortal.debug.xcconfig"; sourceTree = "<group>"; };
		F5F2F7EDA50CA324541EC460 /* Pods-InfoPortal.release.xcconfig */ = {isa = PBXFileReference; includeInIndex = 1; lastKnownFileType = text.xcconfig; name = "Pods-InfoPortal.release.xcconfig"; path = "Pods/Target Support Files/Pods-InfoPortal/Pods-InfoPortal.release.xcconfig"; sourceTree = "<group>"; };
/* End PBXFileReference section */

/* Begin PBXFrameworksBuildPhase section */
		5658064F1DFD289D0003C27A /* Frameworks */ = {
			isa = PBXFrameworksBuildPhase;
			buildActionMask = 2147483647;
			files = (
				8C8A0F35A460FE50B934D5E7 /* Pods_InfoPortal.framework in Frameworks */,
			);
			runOnlyForDeploymentPostprocessing = 0;
		};
/* End PBXFrameworksBuildPhase section */

/* Begin PBXGroup section */
		565806491DFD289D0003C27A = {
			isa = PBXGroup;
			children = (
				565806541DFD289E0003C27A /* InfoPortal */,
				565806531DFD289E0003C27A /* Products */,
				BAA207987C47A5D3EB6741C1 /* Pods */,
				E216D47E0AC2EED6C03BD808 /* Frameworks */,
			);
			sourceTree = "<group>";
		};
		565806531DFD289E0003C27A /* Products */ = {
			isa = PBXGroup;
			children = (
				565806521DFD289E0003C27A /* InfoPortal.app */,
			);
			name = Products;
			sourceTree = "<group>";
		};
		565806541DFD289E0003C27A /* InfoPortal */ = {
			isa = PBXGroup;
			children = (
				56AF1C101DFD2FBD0087C68E /* Model */,
				56AF1C0E1DFD2FA30087C68E /* View and Layout */,
				56AF1C0F1DFD2FA90087C68E /* Controller */,
				5686FA291E3E34250010C8A3 /* Assets */,
				56AF1C0C1DFD2F800087C68E /* Supporting Files */,
			);
			path = InfoPortal;
			sourceTree = "<group>";
		};
		5686FA291E3E34250010C8A3 /* Assets */ = {
			isa = PBXGroup;
			children = (
				5658065C1DFD289E0003C27A /* Assets.xcassets */,
				5686FA2A1E3E34400010C8A3 /* stylesheet.css */,
			);
			name = Assets;
			sourceTree = "<group>";
		};
		56AF1C0C1DFD2F800087C68E /* Supporting Files */ = {
			isa = PBXGroup;
			children = (
				565806611DFD289E0003C27A /* Info.plist */,
				566265C51E0009C9006AA661 /* InfoPortal.entitlements */,
				565806671DFD2B360003C27A /* .gitignore */,
			);
			name = "Supporting Files";
			sourceTree = "<group>";
		};
		56AF1C0E1DFD2FA30087C68E /* View and Layout */ = {
			isa = PBXGroup;
			children = (
				565806591DFD289E0003C27A /* Main.storyboard */,
				5658065E1DFD289E0003C27A /* LaunchScreen.storyboard */,
				5686FA251E3E28EC0010C8A3 /* UpdatesTableView.swift */,
				5635359B1E3DAC6B006754CD /* UpdateCell.swift */,
			);
			name = "View and Layout";
			sourceTree = "<group>";
		};
		56AF1C0F1DFD2FA90087C68E /* Controller */ = {
			isa = PBXGroup;
			children = (
				565806551DFD289E0003C27A /* AppDelegate.swift */,
				565806571DFD289E0003C27A /* LoginViewController.swift */,
				56F1189F1E3D108300F4B82F /* UpdatesViewController.swift */,
			);
			name = Controller;
			sourceTree = "<group>";
		};
		56AF1C101DFD2FBD0087C68E /* Model */ = {
			isa = PBXGroup;
			children = (
				569BFF141DFD762100B0C9B4 /* API.swift */,
				5694E6411E000D5F000BF3AD /* Update.swift */,
				5658CBE21E00151E00EBA146 /* Profile.swift */,
				566B48BA1E0017B400401F2E /* Identifier.swift */,
				56F118A11E3D162C00F4B82F /* LoginAnimator.swift */,
			);
			name = Model;
			sourceTree = "<group>";
		};
		BAA207987C47A5D3EB6741C1 /* Pods */ = {
			isa = PBXGroup;
			children = (
				E7E4150DDC7AF9D252A1B712 /* Pods-InfoPortal.debug.xcconfig */,
				F5F2F7EDA50CA324541EC460 /* Pods-InfoPortal.release.xcconfig */,
			);
			name = Pods;
			sourceTree = "<group>";
		};
		E216D47E0AC2EED6C03BD808 /* Frameworks */ = {
			isa = PBXGroup;
			children = (
				9A89B61501BF64BC1A9EE343 /* Pods_InfoPortal.framework */,
			);
			name = Frameworks;
			sourceTree = "<group>";
		};
/* End PBXGroup section */

/* Begin PBXNativeTarget section */
		565806511DFD289D0003C27A /* InfoPortal */ = {
			isa = PBXNativeTarget;
			buildConfigurationList = 565806641DFD289E0003C27A /* Build configuration list for PBXNativeTarget "InfoPortal" */;
			buildPhases = (
				125B5C49CB9782CB794306F1 /* [CP] Check Pods Manifest.lock */,
				5658064E1DFD289D0003C27A /* Sources */,
				5658064F1DFD289D0003C27A /* Frameworks */,
				565806501DFD289D0003C27A /* Resources */,
				D749C0F411F4F3E368881A5E /* [CP] Embed Pods Frameworks */,
				3D52EEB8E28C841C394FC515 /* [CP] Copy Pods Resources */,
			);
			buildRules = (
			);
			dependencies = (
			);
			name = InfoPortal;
			productName = InfoPortal;
			productReference = 565806521DFD289E0003C27A /* InfoPortal.app */;
			productType = "com.apple.product-type.application";
		};
/* End PBXNativeTarget section */

/* Begin PBXProject section */
		5658064A1DFD289D0003C27A /* Project object */ = {
			isa = PBXProject;
			attributes = {
				LastSwiftUpdateCheck = 0810;
				LastUpgradeCheck = 0810;
				ORGANIZATIONNAME = "Kabir Oberai";
				TargetAttributes = {
					565806511DFD289D0003C27A = {
						CreatedOnToolsVersion = 8.1;
						DevelopmentTeam = 4AXYTEF44D;
						ProvisioningStyle = Automatic;
						SystemCapabilities = {
							com.apple.Keychain = {
								enabled = 1;
							};
						};
					};
				};
			};
			buildConfigurationList = 5658064D1DFD289D0003C27A /* Build configuration list for PBXProject "InfoPortal" */;
			compatibilityVersion = "Xcode 3.2";
			developmentRegion = English;
			hasScannedForEncodings = 0;
			knownRegions = (
				en,
				Base,
			);
			mainGroup = 565806491DFD289D0003C27A;
			productRefGroup = 565806531DFD289E0003C27A /* Products */;
			projectDirPath = "";
			projectRoot = "";
			targets = (
				565806511DFD289D0003C27A /* InfoPortal */,
			);
		};
/* End PBXProject section */

/* Begin PBXResourcesBuildPhase section */
		565806501DFD289D0003C27A /* Resources */ = {
			isa = PBXResourcesBuildPhase;
			buildActionMask = 2147483647;
			files = (
				565806681DFD2B360003C27A /* .gitignore in Resources */,
				5686FA2B1E3E34400010C8A3 /* stylesheet.css in Resources */,
				565806601DFD289E0003C27A /* LaunchScreen.storyboard in Resources */,
				5658065D1DFD289E0003C27A /* Assets.xcassets in Resources */,
				5658065B1DFD289E0003C27A /* Main.storyboard in Resources */,
			);
			runOnlyForDeploymentPostprocessing = 0;
		};
/* End PBXResourcesBuildPhase section */

/* Begin PBXShellScriptBuildPhase section */
		125B5C49CB9782CB794306F1 /* [CP] Check Pods Manifest.lock */ = {
			isa = PBXShellScriptBuildPhase;
			buildActionMask = 2147483647;
			files = (
			);
			inputPaths = (
			);
			name = "[CP] Check Pods Manifest.lock";
			outputPaths = (
			);
			runOnlyForDeploymentPostprocessing = 0;
			shellPath = /bin/sh;
			shellScript = "diff \"${PODS_ROOT}/../Podfile.lock\" \"${PODS_ROOT}/Manifest.lock\" > /dev/null\nif [ $? != 0 ] ; then\n    # print error to STDERR\n    echo \"error: The sandbox is not in sync with the Podfile.lock. Run 'pod install' or update your CocoaPods installation.\" >&2\n    exit 1\nfi\n";
			showEnvVarsInLog = 0;
		};
		3D52EEB8E28C841C394FC515 /* [CP] Copy Pods Resources */ = {
			isa = PBXShellScriptBuildPhase;
			buildActionMask = 2147483647;
			files = (
			);
			inputPaths = (
			);
			name = "[CP] Copy Pods Resources";
			outputPaths = (
			);
			runOnlyForDeploymentPostprocessing = 0;
			shellPath = /bin/sh;
			shellScript = "\"${SRCROOT}/Pods/Target Support Files/Pods-InfoPortal/Pods-InfoPortal-resources.sh\"\n";
			showEnvVarsInLog = 0;
		};
		D749C0F411F4F3E368881A5E /* [CP] Embed Pods Frameworks */ = {
			isa = PBXShellScriptBuildPhase;
			buildActionMask = 2147483647;
			files = (
			);
			inputPaths = (
			);
			name = "[CP] Embed Pods Frameworks";
			outputPaths = (
			);
			runOnlyForDeploymentPostprocessing = 0;
			shellPath = /bin/sh;
			shellScript = "\"${SRCROOT}/Pods/Target Support Files/Pods-InfoPortal/Pods-InfoPortal-frameworks.sh\"\n";
			showEnvVarsInLog = 0;
		};
/* End PBXShellScriptBuildPhase section */

/* Begin PBXSourcesBuildPhase section */
		5658064E1DFD289D0003C27A /* Sources */ = {
			isa = PBXSourcesBuildPhase;
			buildActionMask = 2147483647;
			files = (
				5686FA261E3E28EC0010C8A3 /* UpdatesTableView.swift in Sources */,
				569BFF151DFD762100B0C9B4 /* API.swift in Sources */,
				5635359C1E3DAC6B006754CD /* UpdateCell.swift in Sources */,
				5658CBE31E00151E00EBA146 /* Profile.swift in Sources */,
				56F118A01E3D108300F4B82F /* UpdatesViewController.swift in Sources */,
				565806581DFD289E0003C27A /* LoginViewController.swift in Sources */,
				56F118A21E3D162C00F4B82F /* LoginAnimator.swift in Sources */,
				5694E6421E000D5F000BF3AD /* Update.swift in Sources */,
				566B48BB1E0017B400401F2E /* Identifier.swift in Sources */,
				565806561DFD289E0003C27A /* AppDelegate.swift in Sources */,
			);
			runOnlyForDeploymentPostprocessing = 0;
		};
/* End PBXSourcesBuildPhase section */

/* Begin PBXVariantGroup section */
		565806591DFD289E0003C27A /* Main.storyboard */ = {
			isa = PBXVariantGroup;
			children = (
				5658065A1DFD289E0003C27A /* Base */,
			);
			name = Main.storyboard;
			sourceTree = "<group>";
		};
		5658065E1DFD289E0003C27A /* LaunchScreen.storyboard */ = {
			isa = PBXVariantGroup;
			children = (
				5658065F1DFD289E0003C27A /* Base */,
			);
			name = LaunchScreen.storyboard;
			sourceTree = "<group>";
		};
/* End PBXVariantGroup section */

/* Begin XCBuildConfiguration section */
		565806621DFD289E0003C27A /* Debug */ = {
			isa = XCBuildConfiguration;
			buildSettings = {
				ALWAYS_SEARCH_USER_PATHS = NO;
				CLANG_ANALYZER_NONNULL = YES;
				CLANG_CXX_LANGUAGE_STANDARD = "gnu++0x";
				CLANG_CXX_LIBRARY = "libc++";
				CLANG_ENABLE_MODULES = YES;
				CLANG_ENABLE_OBJC_ARC = YES;
				CLANG_WARN_BOOL_CONVERSION = YES;
				CLANG_WARN_CONSTANT_CONVERSION = YES;
				CLANG_WARN_DIRECT_OBJC_ISA_USAGE = YES_ERROR;
				CLANG_WARN_DOCUMENTATION_COMMENTS = YES;
				CLANG_WARN_EMPTY_BODY = YES;
				CLANG_WARN_ENUM_CONVERSION = YES;
				CLANG_WARN_INFINITE_RECURSION = YES;
				CLANG_WARN_INT_CONVERSION = YES;
				CLANG_WARN_OBJC_ROOT_CLASS = YES_ERROR;
				CLANG_WARN_SUSPICIOUS_MOVE = YES;
				CLANG_WARN_SUSPICIOUS_MOVES = YES;
				CLANG_WARN_UNREACHABLE_CODE = YES;
				CLANG_WARN__DUPLICATE_METHOD_MATCH = YES;
				"CODE_SIGN_IDENTITY[sdk=iphoneos*]" = "iPhone Developer";
				COPY_PHASE_STRIP = NO;
				DEBUG_INFORMATION_FORMAT = dwarf;
				ENABLE_STRICT_OBJC_MSGSEND = YES;
				ENABLE_TESTABILITY = YES;
				GCC_C_LANGUAGE_STANDARD = gnu99;
				GCC_DYNAMIC_NO_PIC = NO;
				GCC_NO_COMMON_BLOCKS = YES;
				GCC_OPTIMIZATION_LEVEL = 0;
				GCC_PREPROCESSOR_DEFINITIONS = (
					"DEBUG=1",
					"$(inherited)",
				);
				GCC_WARN_64_TO_32_BIT_CONVERSION = YES;
				GCC_WARN_ABOUT_RETURN_TYPE = YES_ERROR;
				GCC_WARN_UNDECLARED_SELECTOR = YES;
				GCC_WARN_UNINITIALIZED_AUTOS = YES_AGGRESSIVE;
				GCC_WARN_UNUSED_FUNCTION = YES;
				GCC_WARN_UNUSED_VARIABLE = YES;
				IPHONEOS_DEPLOYMENT_TARGET = 10.1;
				MTL_ENABLE_DEBUG_INFO = YES;
				ONLY_ACTIVE_ARCH = YES;
				SDKROOT = iphoneos;
				SWIFT_ACTIVE_COMPILATION_CONDITIONS = DEBUG;
				SWIFT_OPTIMIZATION_LEVEL = "-Onone";
				TARGETED_DEVICE_FAMILY = "1,2";
			};
			name = Debug;
		};
		565806631DFD289E0003C27A /* Release */ = {
			isa = XCBuildConfiguration;
			buildSettings = {
				ALWAYS_SEARCH_USER_PATHS = NO;
				CLANG_ANALYZER_NONNULL = YES;
				CLANG_CXX_LANGUAGE_STANDARD = "gnu++0x";
				CLANG_CXX_LIBRARY = "libc++";
				CLANG_ENABLE_MODULES = YES;
				CLANG_ENABLE_OBJC_ARC = YES;
				CLANG_WARN_BOOL_CONVERSION = YES;
				CLANG_WARN_CONSTANT_CONVERSION = YES;
				CLANG_WARN_DIRECT_OBJC_ISA_USAGE = YES_ERROR;
				CLANG_WARN_DOCUMENTATION_COMMENTS = YES;
				CLANG_WARN_EMPTY_BODY = YES;
				CLANG_WARN_ENUM_CONVERSION = YES;
				CLANG_WARN_INFINITE_RECURSION = YES;
				CLANG_WARN_INT_CONVERSION = YES;
				CLANG_WARN_OBJC_ROOT_CLASS = YES_ERROR;
				CLANG_WARN_SUSPICIOUS_MOVE = YES;
				CLANG_WARN_SUSPICIOUS_MOVES = YES;
				CLANG_WARN_UNREACHABLE_CODE = YES;
				CLANG_WARN__DUPLICATE_METHOD_MATCH = YES;
				"CODE_SIGN_IDENTITY[sdk=iphoneos*]" = "iPhone Developer";
				COPY_PHASE_STRIP = NO;
				DEBUG_INFORMATION_FORMAT = "dwarf-with-dsym";
				ENABLE_NS_ASSERTIONS = NO;
				ENABLE_STRICT_OBJC_MSGSEND = YES;
				GCC_C_LANGUAGE_STANDARD = gnu99;
				GCC_NO_COMMON_BLOCKS = YES;
				GCC_WARN_64_TO_32_BIT_CONVERSION = YES;
				GCC_WARN_ABOUT_RETURN_TYPE = YES_ERROR;
				GCC_WARN_UNDECLARED_SELECTOR = YES;
				GCC_WARN_UNINITIALIZED_AUTOS = YES_AGGRESSIVE;
				GCC_WARN_UNUSED_FUNCTION = YES;
				GCC_WARN_UNUSED_VARIABLE = YES;
				IPHONEOS_DEPLOYMENT_TARGET = 10.1;
				MTL_ENABLE_DEBUG_INFO = NO;
				SDKROOT = iphoneos;
				SWIFT_OPTIMIZATION_LEVEL = "-Owholemodule";
				TARGETED_DEVICE_FAMILY = "1,2";
				VALIDATE_PRODUCT = YES;
			};
			name = Release;
		};
		565806651DFD289E0003C27A /* Debug */ = {
			isa = XCBuildConfiguration;
			baseConfigurationReference = E7E4150DDC7AF9D252A1B712 /* Pods-InfoPortal.debug.xcconfig */;
			buildSettings = {
				ALWAYS_EMBED_SWIFT_STANDARD_LIBRARIES = "$(inherited)";
				ASSETCATALOG_COMPILER_APPICON_NAME = AppIcon;
				CODE_SIGN_ENTITLEMENTS = InfoPortal/InfoPortal.entitlements;
				DEVELOPMENT_TEAM = 4AXYTEF44D;
				INFOPLIST_FILE = InfoPortal/Info.plist;
				IPHONEOS_DEPLOYMENT_TARGET = 9.1;
				LD_RUNPATH_SEARCH_PATHS = "$(inherited) @executable_path/Frameworks";
				PRODUCT_BUNDLE_IDENTIFIER = org.tsrs.InfoPortal;
				PRODUCT_NAME = "$(TARGET_NAME)";
				SWIFT_VERSION = 3.0;
			};
			name = Debug;
		};
		565806661DFD289E0003C27A /* Release */ = {
			isa = XCBuildConfiguration;
			baseConfigurationReference = F5F2F7EDA50CA324541EC460 /* Pods-InfoPortal.release.xcconfig */;
			buildSettings = {
				ALWAYS_EMBED_SWIFT_STANDARD_LIBRARIES = "$(inherited)";
				ASSETCATALOG_COMPILER_APPICON_NAME = AppIcon;
				CODE_SIGN_ENTITLEMENTS = InfoPortal/InfoPortal.entitlements;
				DEVELOPMENT_TEAM = 4AXYTEF44D;
				INFOPLIST_FILE = InfoPortal/Info.plist;
				IPHONEOS_DEPLOYMENT_TARGET = 9.1;
				LD_RUNPATH_SEARCH_PATHS = "$(inherited) @executable_path/Frameworks";
				PRODUCT_BUNDLE_IDENTIFIER = org.tsrs.InfoPortal;
				PRODUCT_NAME = "$(TARGET_NAME)";
				SWIFT_VERSION = 3.0;
			};
			name = Release;
		};
/* End XCBuildConfiguration section */

/* Begin XCConfigurationList section */
		5658064D1DFD289D0003C27A /* Build configuration list for PBXProject "InfoPortal" */ = {
			isa = XCConfigurationList;
			buildConfigurations = (
				565806621DFD289E0003C27A /* Debug */,
				565806631DFD289E0003C27A /* Release */,
			);
			defaultConfigurationIsVisible = 0;
			defaultConfigurationName = Release;
		};
		565806641DFD289E0003C27A /* Build configuration list for PBXNativeTarget "InfoPortal" */ = {
			isa = XCConfigurationList;
			buildConfigurations = (
				565806651DFD289E0003C27A /* Debug */,
				565806661DFD289E0003C27A /* Release */,
			);
			defaultConfigurationIsVisible = 0;
			defaultConfigurationName = Release;
		};
/* End XCConfigurationList section */
	};
	rootObject = 5658064A1DFD289D0003C27A /* Project object */;
}
